
Microsoft Visual Studio Solution File, Format Version 12.00
# Visual Studio Version 17
VisualStudioVersion = 17.3.32901.215
MinimumVisualStudioVersion = 10.0.40219.1
Project("{FAE04EC0-301F-11D3-BF4B-00C04F79EFBC}") = "projectEuler1", "projectEuler1\projectEuler1.csproj", "{A384DCA3-CCD5-490B-95F7-BEA75A5ECEDF}"
EndProject
Global
	GlobalSection(SolutionConfigurationPlatforms) = preSolution
		Debug|Any CPU = Debug|Any CPU
		Release|Any CPU = Release|Any CPU
	EndGlobalSection
	GlobalSection(ProjectConfigurationPlatforms) = postSolution
		{A384DCA3-CCD5-490B-95F7-BEA75A5ECEDF}.Debug|Any CPU.ActiveCfg = Debug|Any CPU
		{A384DCA3-CCD5-490B-95F7-BEA75A5ECEDF}.Debug|Any CPU.Build.0 = Debug|Any CPU
		{A384DCA3-CCD5-490B-95F7-BEA75A5ECEDF}.Release|Any CPU.ActiveCfg = Release|Any CPU
		{A384DCA3-CCD5-490B-95F7-BEA75A5ECEDF}.Release|Any CPU.Build.0 = Release|Any CPU
	EndGlobalSection
	GlobalSection(SolutionProperties) = preSolution
		HideSolutionNode = FALSE
	EndGlobalSection
	GlobalSection(ExtensibilityGlobals) = postSolution
		SolutionGuid = {8BA9F2C9-D2F1-4AE5-BC92-451D6CBED935}
	EndGlobalSection
EndGlobal
