
Microsoft Visual Studio Solution File, Format Version 12.00
# Visual Studio Version 17
VisualStudioVersion = 17.3.32901.215
MinimumVisualStudioVersion = 10.0.40219.1
Project("{FAE04EC0-301F-11D3-BF4B-00C04F79EFBC}") = "projectEuler1", "projectEuler1\projectEuler1.csproj", "{A384DCA3-CCD5-490B-95F7-BEA75A5ECEDF}"
EndProject
Project("{FAE04EC0-301F-11D3-BF4B-00C04F79EFBC}") = "peorjectEuler2", "peorjectEuler2\peorjectEuler2.csproj", "{96D45B59-DFCC-43EB-8E14-00F07FB19FE5}"
EndProject
Project("{FAE04EC0-301F-11D3-BF4B-00C04F79EFBC}") = "projectEuler3", "projectEuler3\projectEuler3.csproj", "{AF40E1FA-1697-4F75-8623-9C44B262D7CA}"
EndProject
Global
	GlobalSection(SolutionConfigurationPlatforms) = preSolution
		Debug|Any CPU = Debug|Any CPU
		Release|Any CPU = Release|Any CPU
	EndGlobalSection
	GlobalSection(ProjectConfigurationPlatforms) = postSolution
		{A384DCA3-CCD5-490B-95F7-BEA75A5ECEDF}.Debug|Any CPU.ActiveCfg = Debug|Any CPU
		{A384DCA3-CCD5-490B-95F7-BEA75A5ECEDF}.Debug|Any CPU.Build.0 = Debug|Any CPU
		{A384DCA3-CCD5-490B-95F7-BEA75A5ECEDF}.Release|Any CPU.ActiveCfg = Release|Any CPU
		{A384DCA3-CCD5-490B-95F7-BEA75A5ECEDF}.Release|Any CPU.Build.0 = Release|Any CPU
		{96D45B59-DFCC-43EB-8E14-00F07FB19FE5}.Debug|Any CPU.ActiveCfg = Debug|Any CPU
		{96D45B59-DFCC-43EB-8E14-00F07FB19FE5}.Debug|Any CPU.Build.0 = Debug|Any CPU
		{96D45B59-DFCC-43EB-8E14-00F07FB19FE5}.Release|Any CPU.ActiveCfg = Release|Any CPU
		{96D45B59-DFCC-43EB-8E14-00F07FB19FE5}.Release|Any CPU.Build.0 = Release|Any CPU
		{AF40E1FA-1697-4F75-8623-9C44B262D7CA}.Debug|Any CPU.ActiveCfg = Debug|Any CPU
		{AF40E1FA-1697-4F75-8623-9C44B262D7CA}.Debug|Any CPU.Build.0 = Debug|Any CPU
		{AF40E1FA-1697-4F75-8623-9C44B262D7CA}.Release|Any CPU.ActiveCfg = Release|Any CPU
		{AF40E1FA-1697-4F75-8623-9C44B262D7CA}.Release|Any CPU.Build.0 = Release|Any CPU
	EndGlobalSection
	GlobalSection(SolutionProperties) = preSolution
		HideSolutionNode = FALSE
	EndGlobalSection
	GlobalSection(ExtensibilityGlobals) = postSolution
		SolutionGuid = {8BA9F2C9-D2F1-4AE5-BC92-451D6CBED935}
	EndGlobalSection
EndGlobal
